
Microsoft Visual Studio Solution File, Format Version 12.00
# Visual Studio 15
VisualStudioVersion = 15.0.28307.539
MinimumVisualStudioVersion = 10.0.40219.1
Project("{FAE04EC0-301F-11D3-BF4B-00C04F79EFBC}") = "Migrations", "ConsoleApp1\Migrations.csproj", "{0DD839C0-620A-4B36-A85B-DCB1AE9D6D9D}"
EndProject
Project("{2150E333-8FDC-42A3-9474-1A3956D46DE8}") = "GAP.DOMAIN", "GAP.DOMAIN", "{20C0AC1C-42D9-481C-872C-6D7E75781751}"
EndProject
Project("{FAE04EC0-301F-11D3-BF4B-00C04F79EFBC}") = "DTO", "DTO\DTO.csproj", "{F8F0CEE8-F536-4153-A461-C88A4D2B81A7}"
EndProject
Project("{2150E333-8FDC-42A3-9474-1A3956D46DE8}") = "GAP.DATA", "GAP.DATA", "{16F587AA-1B8C-408F-AA43-17A55367AD47}"
EndProject
Project("{FAE04EC0-301F-11D3-BF4B-00C04F79EFBC}") = "BAL", "BAL\BAL.csproj", "{7A28BFB1-8C90-4DFC-BA00-43E1193DB729}"
EndProject
Project("{FAE04EC0-301F-11D3-BF4B-00C04F79EFBC}") = "SAL", "SAL\SAL.csproj", "{3189F564-B927-46EE-9859-2AFD8E160D8C}"
EndProject
Project("{2150E333-8FDC-42A3-9474-1A3956D46DE8}") = "GAP.TEST", "GAP.TEST", "{366B457F-0273-4384-B4DF-2198C20ADCC0}"
EndProject
Project("{FAE04EC0-301F-11D3-BF4B-00C04F79EFBC}") = "Test", "Test\Test.csproj", "{66B66048-4D7F-427D-AD29-5C73158CC4C1}"
EndProject
Project("{2150E333-8FDC-42A3-9474-1A3956D46DE8}") = "GAP.API", "GAP.API", "{2A5904A0-1F5D-405B-8256-9580E662DC6B}"
EndProject
Project("{FAE04EC0-301F-11D3-BF4B-00C04F79EFBC}") = "API", "API\API.csproj", "{67A6269B-B119-498F-9D8B-EEADC20018F9}"
EndProject
Global
	GlobalSection(SolutionConfigurationPlatforms) = preSolution
		Debug|Any CPU = Debug|Any CPU
		Release|Any CPU = Release|Any CPU
	EndGlobalSection
	GlobalSection(ProjectConfigurationPlatforms) = postSolution
		{0DD839C0-620A-4B36-A85B-DCB1AE9D6D9D}.Debug|Any CPU.ActiveCfg = Debug|Any CPU
		{0DD839C0-620A-4B36-A85B-DCB1AE9D6D9D}.Debug|Any CPU.Build.0 = Debug|Any CPU
		{0DD839C0-620A-4B36-A85B-DCB1AE9D6D9D}.Release|Any CPU.ActiveCfg = Release|Any CPU
		{0DD839C0-620A-4B36-A85B-DCB1AE9D6D9D}.Release|Any CPU.Build.0 = Release|Any CPU
		{F8F0CEE8-F536-4153-A461-C88A4D2B81A7}.Debug|Any CPU.ActiveCfg = Debug|Any CPU
		{F8F0CEE8-F536-4153-A461-C88A4D2B81A7}.Debug|Any CPU.Build.0 = Debug|Any CPU
		{F8F0CEE8-F536-4153-A461-C88A4D2B81A7}.Release|Any CPU.ActiveCfg = Release|Any CPU
		{F8F0CEE8-F536-4153-A461-C88A4D2B81A7}.Release|Any CPU.Build.0 = Release|Any CPU
		{7A28BFB1-8C90-4DFC-BA00-43E1193DB729}.Debug|Any CPU.ActiveCfg = Debug|Any CPU
		{7A28BFB1-8C90-4DFC-BA00-43E1193DB729}.Debug|Any CPU.Build.0 = Debug|Any CPU
		{7A28BFB1-8C90-4DFC-BA00-43E1193DB729}.Release|Any CPU.ActiveCfg = Release|Any CPU
		{7A28BFB1-8C90-4DFC-BA00-43E1193DB729}.Release|Any CPU.Build.0 = Release|Any CPU
		{3189F564-B927-46EE-9859-2AFD8E160D8C}.Debug|Any CPU.ActiveCfg = Debug|Any CPU
		{3189F564-B927-46EE-9859-2AFD8E160D8C}.Debug|Any CPU.Build.0 = Debug|Any CPU
		{3189F564-B927-46EE-9859-2AFD8E160D8C}.Release|Any CPU.ActiveCfg = Release|Any CPU
		{3189F564-B927-46EE-9859-2AFD8E160D8C}.Release|Any CPU.Build.0 = Release|Any CPU
		{66B66048-4D7F-427D-AD29-5C73158CC4C1}.Debug|Any CPU.ActiveCfg = Debug|Any CPU
		{66B66048-4D7F-427D-AD29-5C73158CC4C1}.Debug|Any CPU.Build.0 = Debug|Any CPU
		{66B66048-4D7F-427D-AD29-5C73158CC4C1}.Release|Any CPU.ActiveCfg = Release|Any CPU
		{66B66048-4D7F-427D-AD29-5C73158CC4C1}.Release|Any CPU.Build.0 = Release|Any CPU
		{67A6269B-B119-498F-9D8B-EEADC20018F9}.Debug|Any CPU.ActiveCfg = Debug|Any CPU
		{67A6269B-B119-498F-9D8B-EEADC20018F9}.Debug|Any CPU.Build.0 = Debug|Any CPU
		{67A6269B-B119-498F-9D8B-EEADC20018F9}.Release|Any CPU.ActiveCfg = Release|Any CPU
		{67A6269B-B119-498F-9D8B-EEADC20018F9}.Release|Any CPU.Build.0 = Release|Any CPU
	EndGlobalSection
	GlobalSection(SolutionProperties) = preSolution
		HideSolutionNode = FALSE
	EndGlobalSection
	GlobalSection(NestedProjects) = preSolution
		{0DD839C0-620A-4B36-A85B-DCB1AE9D6D9D} = {16F587AA-1B8C-408F-AA43-17A55367AD47}
		{F8F0CEE8-F536-4153-A461-C88A4D2B81A7} = {20C0AC1C-42D9-481C-872C-6D7E75781751}
		{7A28BFB1-8C90-4DFC-BA00-43E1193DB729} = {20C0AC1C-42D9-481C-872C-6D7E75781751}
		{3189F564-B927-46EE-9859-2AFD8E160D8C} = {16F587AA-1B8C-408F-AA43-17A55367AD47}
		{66B66048-4D7F-427D-AD29-5C73158CC4C1} = {366B457F-0273-4384-B4DF-2198C20ADCC0}
		{67A6269B-B119-498F-9D8B-EEADC20018F9} = {2A5904A0-1F5D-405B-8256-9580E662DC6B}
	EndGlobalSection
	GlobalSection(ExtensibilityGlobals) = postSolution
		SolutionGuid = {26D36533-8CC6-4591-930E-2ACD657B45F3}
	EndGlobalSection
EndGlobal
